
Microsoft Visual Studio Solution File, Format Version 12.00
# Visual Studio Version 16
VisualStudioVersion = 16.0.29613.14
MinimumVisualStudioVersion = 10.0.40219.1
Project("{9A19103F-16F7-4668-BE54-9A1E7A4F7556}") = "RamTune.UI", "RamTune.UI\RamTune.UI.csproj", "{26E15976-BF48-47F8-B941-BCFBD1178CBC}"
EndProject
Project("{9A19103F-16F7-4668-BE54-9A1E7A4F7556}") = "MVVM", "MVVM\MVVM.csproj", "{AEF09B46-168C-4DB5-AFEB-018564E88DC1}"
EndProject
Project("{9A19103F-16F7-4668-BE54-9A1E7A4F7556}") = "RamTune.Core", "RamTune.Core\RamTune.Core.csproj", "{C7695375-FFFB-42A3-B94D-D4445385CD1E}"
EndProject
Global
	GlobalSection(SolutionConfigurationPlatforms) = preSolution
		Debug|Any CPU = Debug|Any CPU
		Release|Any CPU = Release|Any CPU
	EndGlobalSection
	GlobalSection(ProjectConfigurationPlatforms) = postSolution
		{26E15976-BF48-47F8-B941-BCFBD1178CBC}.Debug|Any CPU.ActiveCfg = Debug|Any CPU
		{26E15976-BF48-47F8-B941-BCFBD1178CBC}.Debug|Any CPU.Build.0 = Debug|Any CPU
		{26E15976-BF48-47F8-B941-BCFBD1178CBC}.Release|Any CPU.ActiveCfg = Release|Any CPU
		{26E15976-BF48-47F8-B941-BCFBD1178CBC}.Release|Any CPU.Build.0 = Release|Any CPU
		{AEF09B46-168C-4DB5-AFEB-018564E88DC1}.Debug|Any CPU.ActiveCfg = Debug|Any CPU
		{AEF09B46-168C-4DB5-AFEB-018564E88DC1}.Debug|Any CPU.Build.0 = Debug|Any CPU
		{AEF09B46-168C-4DB5-AFEB-018564E88DC1}.Release|Any CPU.ActiveCfg = Release|Any CPU
		{AEF09B46-168C-4DB5-AFEB-018564E88DC1}.Release|Any CPU.Build.0 = Release|Any CPU
		{C7695375-FFFB-42A3-B94D-D4445385CD1E}.Debug|Any CPU.ActiveCfg = Debug|Any CPU
		{C7695375-FFFB-42A3-B94D-D4445385CD1E}.Debug|Any CPU.Build.0 = Debug|Any CPU
		{C7695375-FFFB-42A3-B94D-D4445385CD1E}.Release|Any CPU.ActiveCfg = Release|Any CPU
		{C7695375-FFFB-42A3-B94D-D4445385CD1E}.Release|Any CPU.Build.0 = Release|Any CPU
	EndGlobalSection
	GlobalSection(SolutionProperties) = preSolution
		HideSolutionNode = FALSE
	EndGlobalSection
	GlobalSection(ExtensibilityGlobals) = postSolution
		SolutionGuid = {1017EC54-F191-48A5-91B3-09E5F7DB76F4}
	EndGlobalSection
EndGlobal
