
Microsoft Visual Studio Solution File, Format Version 12.00
# Visual Studio Version 16
VisualStudioVersion = 16.0.29806.167
MinimumVisualStudioVersion = 10.0.40219.1
Project("{2150E333-8FDC-42A3-9474-1A3956D46DE8}") = "Solution Items", "Solution Items", "{1ED3D6E9-9DCB-4567-8BBC-CE688C055DB6}"
	ProjectSection(SolutionItems) = preProject
		Version.cs = Version.cs
	EndProjectSection
EndProject
Project("{FAE04EC0-301F-11D3-BF4B-00C04F79EFBC}") = "LumberjackCoreTest", "LumberjackCoreTest\LumberjackCoreTest.csproj", "{3003F22C-216B-4ADF-A4AD-3D222F95BDE6}"
EndProject
Project("{FAE04EC0-301F-11D3-BF4B-00C04F79EFBC}") = "SsmProtocol", "SsmProtocol\SsmProtocol.csproj", "{6FB3CE75-779B-4289-8B80-BDC1313197FB}"
EndProject
Project("{FAE04EC0-301F-11D3-BF4B-00C04F79EFBC}") = "Lumberjack", "Lumberjack\Lumberjack.csproj", "{2E58FE9D-2BBA-45DC-BB61-D168D75AD9DE}"
EndProject
Project("{FAE04EC0-301F-11D3-BF4B-00C04F79EFBC}") = "LumberjackCore", "LumberjackCore\LumberjackCore.csproj", "{5905CB48-8F06-41DA-9F89-328A7B451E57}"
EndProject
Project("{FAE04EC0-301F-11D3-BF4B-00C04F79EFBC}") = "J2534", "J2534\J2534.csproj", "{E524FB04-7F42-4830-BA00-F09CDAB7C1CE}"
EndProject
Project("{FAE04EC0-301F-11D3-BF4B-00C04F79EFBC}") = "J2534Test", "J2534Test\J2534Test.csproj", "{97D96A0A-D72E-4B72-90E6-D5AC50E27C5B}"
EndProject
Project("{FAE04EC0-301F-11D3-BF4B-00C04F79EFBC}") = "SsmProtocolTest", "SsmProtocolTest\SsmProtocolTest.csproj", "{BE864DA3-1227-43B6-AA69-66FB505640B2}"
EndProject
Project("{2150E333-8FDC-42A3-9474-1A3956D46DE8}") = "lib", "lib", "{D1CE3B16-84C2-48CB-AFF4-D2735020AA0E}"
	ProjectSection(SolutionItems) = preProject
		lib\J2534Mock.dll = lib\J2534Mock.dll
		lib\J2534Mock.pdb = lib\J2534Mock.pdb
	EndProjectSection
EndProject
Project("{2150E333-8FDC-42A3-9474-1A3956D46DE8}") = "Configuration", "Configuration", "{E6060719-BCB0-46A0-B559-E317F8973B9C}"
	ProjectSection(SolutionItems) = preProject
		Configuration\A2WC522N.bin = Configuration\A2WC522N.bin
		Configuration\Ambient Conditions.profile = Configuration\Ambient Conditions.profile
		Configuration\Boost And AFR.profile = Configuration\Boost And AFR.profile
		Configuration\General.profile = Configuration\General.profile
		Configuration\LiveTuning.json = Configuration\LiveTuning.json
		Configuration\logger.dtd = Configuration\logger.dtd
		Configuration\logger.xml = Configuration\logger.xml
		Configuration\MickeyD's fine learning knock correction profile.profile = Configuration\MickeyD's fine learning knock correction profile.profile
		Configuration\Standard 'critique my tune' profile.profile = Configuration\Standard 'critique my tune' profile.profile
		Configuration\Turbo dynamics.profile = Configuration\Turbo dynamics.profile
	EndProjectSection
EndProject
Global
	GlobalSection(SolutionConfigurationPlatforms) = preSolution
		Debug|Any CPU = Debug|Any CPU
		Release|Any CPU = Release|Any CPU
	EndGlobalSection
	GlobalSection(ProjectConfigurationPlatforms) = postSolution
		{3003F22C-216B-4ADF-A4AD-3D222F95BDE6}.Debug|Any CPU.ActiveCfg = Debug|Any CPU
		{3003F22C-216B-4ADF-A4AD-3D222F95BDE6}.Debug|Any CPU.Build.0 = Debug|Any CPU
		{3003F22C-216B-4ADF-A4AD-3D222F95BDE6}.Release|Any CPU.ActiveCfg = Release|Any CPU
		{3003F22C-216B-4ADF-A4AD-3D222F95BDE6}.Release|Any CPU.Build.0 = Release|Any CPU
		{6FB3CE75-779B-4289-8B80-BDC1313197FB}.Debug|Any CPU.ActiveCfg = Debug|Any CPU
		{6FB3CE75-779B-4289-8B80-BDC1313197FB}.Debug|Any CPU.Build.0 = Debug|Any CPU
		{6FB3CE75-779B-4289-8B80-BDC1313197FB}.Release|Any CPU.ActiveCfg = Release|Any CPU
		{6FB3CE75-779B-4289-8B80-BDC1313197FB}.Release|Any CPU.Build.0 = Release|Any CPU
		{2E58FE9D-2BBA-45DC-BB61-D168D75AD9DE}.Debug|Any CPU.ActiveCfg = Debug|Any CPU
		{2E58FE9D-2BBA-45DC-BB61-D168D75AD9DE}.Debug|Any CPU.Build.0 = Debug|Any CPU
		{2E58FE9D-2BBA-45DC-BB61-D168D75AD9DE}.Release|Any CPU.ActiveCfg = Release|Any CPU
		{2E58FE9D-2BBA-45DC-BB61-D168D75AD9DE}.Release|Any CPU.Build.0 = Release|Any CPU
		{5905CB48-8F06-41DA-9F89-328A7B451E57}.Debug|Any CPU.ActiveCfg = Debug|Any CPU
		{5905CB48-8F06-41DA-9F89-328A7B451E57}.Debug|Any CPU.Build.0 = Debug|Any CPU
		{5905CB48-8F06-41DA-9F89-328A7B451E57}.Release|Any CPU.ActiveCfg = Release|Any CPU
		{5905CB48-8F06-41DA-9F89-328A7B451E57}.Release|Any CPU.Build.0 = Release|Any CPU
		{E524FB04-7F42-4830-BA00-F09CDAB7C1CE}.Debug|Any CPU.ActiveCfg = Debug|Any CPU
		{E524FB04-7F42-4830-BA00-F09CDAB7C1CE}.Debug|Any CPU.Build.0 = Debug|Any CPU
		{E524FB04-7F42-4830-BA00-F09CDAB7C1CE}.Release|Any CPU.ActiveCfg = Release|Any CPU
		{E524FB04-7F42-4830-BA00-F09CDAB7C1CE}.Release|Any CPU.Build.0 = Release|Any CPU
		{97D96A0A-D72E-4B72-90E6-D5AC50E27C5B}.Debug|Any CPU.ActiveCfg = Debug|Any CPU
		{97D96A0A-D72E-4B72-90E6-D5AC50E27C5B}.Debug|Any CPU.Build.0 = Debug|Any CPU
		{97D96A0A-D72E-4B72-90E6-D5AC50E27C5B}.Release|Any CPU.ActiveCfg = Release|Any CPU
		{97D96A0A-D72E-4B72-90E6-D5AC50E27C5B}.Release|Any CPU.Build.0 = Release|Any CPU
		{BE864DA3-1227-43B6-AA69-66FB505640B2}.Debug|Any CPU.ActiveCfg = Debug|Any CPU
		{BE864DA3-1227-43B6-AA69-66FB505640B2}.Debug|Any CPU.Build.0 = Debug|Any CPU
		{BE864DA3-1227-43B6-AA69-66FB505640B2}.Release|Any CPU.ActiveCfg = Release|Any CPU
		{BE864DA3-1227-43B6-AA69-66FB505640B2}.Release|Any CPU.Build.0 = Release|Any CPU
	EndGlobalSection
	GlobalSection(SolutionProperties) = preSolution
		HideSolutionNode = FALSE
	EndGlobalSection
	GlobalSection(ExtensibilityGlobals) = postSolution
		SolutionGuid = {5B06E77C-6475-42B0-A4C2-ADC2840911A5}
	EndGlobalSection
	GlobalSection(TestCaseManagementSettings) = postSolution
		CategoryFile = SSM.vsmdi
	EndGlobalSection
EndGlobal
